
Microsoft Visual Studio Solution File, Format Version 12.00
# Visual Studio Version 16
VisualStudioVersion = 16.0.30309.148
MinimumVisualStudioVersion = 10.0.40219.1
Project("{9A19103F-16F7-4668-BE54-9A1E7A4F7556}") = "Vendor.Web", "Vendor.Web\Vendor.Web.csproj", "{1C7FD9AF-3975-4C77-B1C7-DD7CB158B396}"
EndProject
Project("{9A19103F-16F7-4668-BE54-9A1E7A4F7556}") = "Vendor.Datalayer", "Vendor.Datalayer\Vendor.Datalayer.csproj", "{678241F6-8784-4582-A251-A41C366755C2}"
EndProject
Project("{9A19103F-16F7-4668-BE54-9A1E7A4F7556}") = "Vendor.Domain", "Vendor.Domain\Vendor.Domain.csproj", "{EB5BDC18-8D0B-4D48-94DD-45D71C48979B}"
EndProject
Global
	GlobalSection(SolutionConfigurationPlatforms) = preSolution
		Debug|Any CPU = Debug|Any CPU
		Release|Any CPU = Release|Any CPU
	EndGlobalSection
	GlobalSection(ProjectConfigurationPlatforms) = postSolution
		{1C7FD9AF-3975-4C77-B1C7-DD7CB158B396}.Debug|Any CPU.ActiveCfg = Debug|Any CPU
		{1C7FD9AF-3975-4C77-B1C7-DD7CB158B396}.Debug|Any CPU.Build.0 = Debug|Any CPU
		{1C7FD9AF-3975-4C77-B1C7-DD7CB158B396}.Release|Any CPU.ActiveCfg = Release|Any CPU
		{1C7FD9AF-3975-4C77-B1C7-DD7CB158B396}.Release|Any CPU.Build.0 = Release|Any CPU
		{678241F6-8784-4582-A251-A41C366755C2}.Debug|Any CPU.ActiveCfg = Debug|Any CPU
		{678241F6-8784-4582-A251-A41C366755C2}.Debug|Any CPU.Build.0 = Debug|Any CPU
		{678241F6-8784-4582-A251-A41C366755C2}.Release|Any CPU.ActiveCfg = Release|Any CPU
		{678241F6-8784-4582-A251-A41C366755C2}.Release|Any CPU.Build.0 = Release|Any CPU
		{EB5BDC18-8D0B-4D48-94DD-45D71C48979B}.Debug|Any CPU.ActiveCfg = Debug|Any CPU
		{EB5BDC18-8D0B-4D48-94DD-45D71C48979B}.Debug|Any CPU.Build.0 = Debug|Any CPU
		{EB5BDC18-8D0B-4D48-94DD-45D71C48979B}.Release|Any CPU.ActiveCfg = Release|Any CPU
		{EB5BDC18-8D0B-4D48-94DD-45D71C48979B}.Release|Any CPU.Build.0 = Release|Any CPU
	EndGlobalSection
	GlobalSection(SolutionProperties) = preSolution
		HideSolutionNode = FALSE
	EndGlobalSection
	GlobalSection(ExtensibilityGlobals) = postSolution
		SolutionGuid = {1B6E9155-2429-41BC-9722-33C1D46A2CFF}
	EndGlobalSection
EndGlobal
